packages:
- package: dbt-labs/audit_helper
  name: audit_helper
  version: 0.14.0
- git: https://github.com/dbt-labs/dbt-codegen.git
  name: codegen
  revision: 526cb1f0e8464d88b931e0249b4198039f15d641
- package: dbt-labs/dbt_utils
  name: dbt_utils
  version: 1.4.0
- package: gitlabhq/snowflake_spend
  name: snowflake_spend
  version: 1.4.0
sha1_hash: 75ad2ba8af36a1e8af0c976551d99e30c0aac21c
